
Microsoft Visual Studio Solution File, Format Version 12.00
# Visual Studio Version 17
VisualStudioVersion = 17.2.32516.85
MinimumVisualStudioVersion = 10.0.40219.1
Project("{9A19103F-16F7-4668-BE54-9A1E7A4F7556}") = "Example9000", "Example9000\Example9000.csproj", "{5225F686-E1DA-4BA8-B8A9-F3FC33DA88F7}"
EndProject
Project("{2150E333-8FDC-42A3-9474-1A3956D46DE8}") = "Tests", "Tests", "{1703B7E2-842C-425C-AE3C-4960B14BD6C8}"
EndProject
Project("{FAE04EC0-301F-11D3-BF4B-00C04F79EFBC}") = "TestProject1", "Tests\TestProject1\TestProject1.csproj", "{BC579273-627C-4F75-A4FF-9B09C20572ED}"
EndProject
Global
	GlobalSection(SolutionConfigurationPlatforms) = preSolution
		Debug|Any CPU = Debug|Any CPU
		Release|Any CPU = Release|Any CPU
	EndGlobalSection
	GlobalSection(ProjectConfigurationPlatforms) = postSolution
		{5225F686-E1DA-4BA8-B8A9-F3FC33DA88F7}.Debug|Any CPU.ActiveCfg = Debug|Any CPU
		{5225F686-E1DA-4BA8-B8A9-F3FC33DA88F7}.Debug|Any CPU.Build.0 = Debug|Any CPU
		{5225F686-E1DA-4BA8-B8A9-F3FC33DA88F7}.Release|Any CPU.ActiveCfg = Release|Any CPU
		{5225F686-E1DA-4BA8-B8A9-F3FC33DA88F7}.Release|Any CPU.Build.0 = Release|Any CPU
		{BC579273-627C-4F75-A4FF-9B09C20572ED}.Debug|Any CPU.ActiveCfg = Debug|Any CPU
		{BC579273-627C-4F75-A4FF-9B09C20572ED}.Debug|Any CPU.Build.0 = Debug|Any CPU
		{BC579273-627C-4F75-A4FF-9B09C20572ED}.Release|Any CPU.ActiveCfg = Release|Any CPU
		{BC579273-627C-4F75-A4FF-9B09C20572ED}.Release|Any CPU.Build.0 = Release|Any CPU
	EndGlobalSection
	GlobalSection(SolutionProperties) = preSolution
		HideSolutionNode = FALSE
	EndGlobalSection
	GlobalSection(NestedProjects) = preSolution
		{BC579273-627C-4F75-A4FF-9B09C20572ED} = {1703B7E2-842C-425C-AE3C-4960B14BD6C8}
	EndGlobalSection
	GlobalSection(ExtensibilityGlobals) = postSolution
		SolutionGuid = {A7A56DBF-7FDD-4F0A-9FEF-1649BBD89C5D}
	EndGlobalSection
EndGlobal
